// !$*UTF8*$!
{
	archiveVersion = 1;
	classes = {
	};
	objectVersion = 77;
	objects = {

/* Begin PBXContainerItemProxy section */
		67D4A6C92CE37C8000CCEDAD /* PBXContainerItemProxy */ = {
			isa = PBXContainerItemProxy;
			containerPortal = 67D4A6AA2CE37C7E00CCEDAD /* Project object */;
			proxyType = 1;
			remoteGlobalIDString = 67D4A6B12CE37C7E00CCEDAD;
			remoteInfo = oiMovie;
		};
		67D4A6D32CE37C8000CCEDAD /* PBXContainerItemProxy */ = {
			isa = PBXContainerItemProxy;
			containerPortal = 67D4A6AA2CE37C7E00CCEDAD /* Project object */;
			proxyType = 1;
			remoteGlobalIDString = 67D4A6B12CE37C7E00CCEDAD;
			remoteInfo = oiMovie;
		};
/* End PBXContainerItemProxy section */

/* Begin PBXFileReference section */
		67D4A6B22CE37C7E00CCEDAD /* oiMovie.app */ = {isa = PBXFileReference; explicitFileType = wrapper.application; includeInIndex = 0; path = oiMovie.app; sourceTree = BUILT_PRODUCTS_DIR; };
		67D4A6C82CE37C8000CCEDAD /* oiMovieTests.xctest */ = {isa = PBXFileReference; explicitFileType = wrapper.cfbundle; includeInIndex = 0; path = oiMovieTests.xctest; sourceTree = BUILT_PRODUCTS_DIR; };
		67D4A6D22CE37C8000CCEDAD /* oiMovieUITests.xctest */ = {isa = PBXFileReference; explicitFileType = wrapper.cfbundle; includeInIndex = 0; path = oiMovieUITests.xctest; sourceTree = BUILT_PRODUCTS_DIR; };
/* End PBXFileReference section */

/* Begin PBXFileSystemSynchronizedBuildFileExceptionSet section */
		67D4A6DA2CE37C8000CCEDAD /* Exceptions for "oiMovie" folder in "oiMovie" target */ = {
			isa = PBXFileSystemSynchronizedBuildFileExceptionSet;
			membershipExceptions = (
				Info.plist,
			);
			target = 67D4A6B12CE37C7E00CCEDAD /* oiMovie */;
		};
/* End PBXFileSystemSynchronizedBuildFileExceptionSet section */

/* Begin PBXFileSystemSynchronizedRootGroup section */
		67D4A6B42CE37C7E00CCEDAD /* oiMovie */ = {
			isa = PBXFileSystemSynchronizedRootGroup;
			exceptions = (
				67D4A6DA2CE37C8000CCEDAD /* Exceptions for "oiMovie" folder in "oiMovie" target */,
			);
			path = oiMovie;
			sourceTree = "<group>";
		};
		67D4A6CB2CE37C8000CCEDAD /* oiMovieTests */ = {
			isa = PBXFileSystemSynchronizedRootGroup;
			path = oiMovieTests;
			sourceTree = "<group>";
		};
		67D4A6D52CE37C8000CCEDAD /* oiMovieUITests */ = {
			isa = PBXFileSystemSynchronizedRootGroup;
			path = oiMovieUITests;
			sourceTree = "<group>";
		};
/* End PBXFileSystemSynchronizedRootGroup section */

/* Begin PBXFrameworksBuildPhase section */
		67D4A6AF2CE37C7E00CCEDAD /* Frameworks */ = {
			isa = PBXFrameworksBuildPhase;
			buildActionMask = 2147483647;
			files = (
			);
			runOnlyForDeploymentPostprocessing = 0;
		};
		67D4A6C52CE37C8000CCEDAD /* Frameworks */ = {
			isa = PBXFrameworksBuildPhase;
			buildActionMask = 2147483647;
			files = (
			);
			runOnlyForDeploymentPostprocessing = 0;
		};
		67D4A6CF2CE37C8000CCEDAD /* Frameworks */ = {
			isa = PBXFrameworksBuildPhase;
			buildActionMask = 2147483647;
			files = (
			);
			runOnlyForDeploymentPostprocessing = 0;
		};
/* End PBXFrameworksBuildPhase section */

/* Begin PBXGroup section */
		67D4A6A92CE37C7E00CCEDAD = {
			isa = PBXGroup;
			children = (
				67D4A6B42CE37C7E00CCEDAD /* oiMovie */,
				67D4A6CB2CE37C8000CCEDAD /* oiMovieTests */,
				67D4A6D52CE37C8000CCEDAD /* oiMovieUITests */,
				67D4A6B32CE37C7E00CCEDAD /* Products */,
			);
			sourceTree = "<group>";
		};
		67D4A6B32CE37C7E00CCEDAD /* Products */ = {
			isa = PBXGroup;
			children = (
				67D4A6B22CE37C7E00CCEDAD /* oiMovie.app */,
				67D4A6C82CE37C8000CCEDAD /* oiMovieTests.xctest */,
				67D4A6D22CE37C8000CCEDAD /* oiMovieUITests.xctest */,
			);
			name = Products;
			sourceTree = "<group>";
		};
/* End PBXGroup section */

/* Begin PBXNativeTarget section */
		67D4A6B12CE37C7E00CCEDAD /* oiMovie */ = {
			isa = PBXNativeTarget;
			buildConfigurationList = 67D4A6DB2CE37C8000CCEDAD /* Build configuration list for PBXNativeTarget "oiMovie" */;
			buildPhases = (
				67D4A6AE2CE37C7E00CCEDAD /* Sources */,
				67D4A6AF2CE37C7E00CCEDAD /* Frameworks */,
				67D4A6B02CE37C7E00CCEDAD /* Resources */,
			);
			buildRules = (
			);
			dependencies = (
			);
			fileSystemSynchronizedGroups = (
				67D4A6B42CE37C7E00CCEDAD /* oiMovie */,
			);
			name = oiMovie;
			packageProductDependencies = (
			);
			productName = oiMovie;
			productReference = 67D4A6B22CE37C7E00CCEDAD /* oiMovie.app */;
			productType = "com.apple.product-type.application";
		};
		67D4A6C72CE37C8000CCEDAD /* oiMovieTests */ = {
			isa = PBXNativeTarget;
			buildConfigurationList = 67D4A6E02CE37C8000CCEDAD /* Build configuration list for PBXNativeTarget "oiMovieTests" */;
			buildPhases = (
				67D4A6C42CE37C8000CCEDAD /* Sources */,
				67D4A6C52CE37C8000CCEDAD /* Frameworks */,
				67D4A6C62CE37C8000CCEDAD /* Resources */,
			);
			buildRules = (
			);
			dependencies = (
				67D4A6CA2CE37C8000CCEDAD /* PBXTargetDependency */,
			);
			fileSystemSynchronizedGroups = (
				67D4A6CB2CE37C8000CCEDAD /* oiMovieTests */,
			);
			name = oiMovieTests;
			packageProductDependencies = (
			);
			productName = oiMovieTests;
			productReference = 67D4A6C82CE37C8000CCEDAD /* oiMovieTests.xctest */;
			productType = "com.apple.product-type.bundle.unit-test";
		};
		67D4A6D12CE37C8000CCEDAD /* oiMovieUITests */ = {
			isa = PBXNativeTarget;
			buildConfigurationList = 67D4A6E32CE37C8000CCEDAD /* Build configuration list for PBXNativeTarget "oiMovieUITests" */;
			buildPhases = (
				67D4A6CE2CE37C8000CCEDAD /* Sources */,
				67D4A6CF2CE37C8000CCEDAD /* Frameworks */,
				67D4A6D02CE37C8000CCEDAD /* Resources */,
			);
			buildRules = (
			);
			dependencies = (
				67D4A6D42CE37C8000CCEDAD /* PBXTargetDependency */,
			);
			fileSystemSynchronizedGroups = (
				67D4A6D52CE37C8000CCEDAD /* oiMovieUITests */,
			);
			name = oiMovieUITests;
			packageProductDependencies = (
			);
			productName = oiMovieUITests;
			productReference = 67D4A6D22CE37C8000CCEDAD /* oiMovieUITests.xctest */;
			productType = "com.apple.product-type.bundle.ui-testing";
		};
/* End PBXNativeTarget section */

/* Begin PBXProject section */
		67D4A6AA2CE37C7E00CCEDAD /* Project object */ = {
			isa = PBXProject;
			attributes = {
				BuildIndependentTargetsInParallel = 1;
				LastSwiftUpdateCheck = 1600;
				LastUpgradeCheck = 1600;
				TargetAttributes = {
					67D4A6B12CE37C7E00CCEDAD = {
						CreatedOnToolsVersion = 16.0;
					};
					67D4A6C72CE37C8000CCEDAD = {
						CreatedOnToolsVersion = 16.0;
						TestTargetID = 67D4A6B12CE37C7E00CCEDAD;
					};
					67D4A6D12CE37C8000CCEDAD = {
						CreatedOnToolsVersion = 16.0;
						TestTargetID = 67D4A6B12CE37C7E00CCEDAD;
					};
				};
			};
			buildConfigurationList = 67D4A6AD2CE37C7E00CCEDAD /* Build configuration list for PBXProject "oiMovie" */;
			developmentRegion = en;
			hasScannedForEncodings = 0;
			knownRegions = (
				en,
				Base,
			);
			mainGroup = 67D4A6A92CE37C7E00CCEDAD;
			minimizedProjectReferenceProxies = 1;
			preferredProjectObjectVersion = 77;
			productRefGroup = 67D4A6B32CE37C7E00CCEDAD /* Products */;
			projectDirPath = "";
			projectRoot = "";
			targets = (
				67D4A6B12CE37C7E00CCEDAD /* oiMovie */,
				67D4A6C72CE37C8000CCEDAD /* oiMovieTests */,
				67D4A6D12CE37C8000CCEDAD /* oiMovieUITests */,
			);
		};
/* End PBXProject section */

/* Begin PBXResourcesBuildPhase section */
		67D4A6B02CE37C7E00CCEDAD /* Resources */ = {
			isa = PBXResourcesBuildPhase;
			buildActionMask = 2147483647;
			files = (
			);
			runOnlyForDeploymentPostprocessing = 0;
		};
		67D4A6C62CE37C8000CCEDAD /* Resources */ = {
			isa = PBXResourcesBuildPhase;
			buildActionMask = 2147483647;
			files = (
			);
			runOnlyForDeploymentPostprocessing = 0;
		};
		67D4A6D02CE37C8000CCEDAD /* Resources */ = {
			isa = PBXResourcesBuildPhase;
			buildActionMask = 2147483647;
			files = (
			);
			runOnlyForDeploymentPostprocessing = 0;
		};
/* End PBXResourcesBuildPhase section */

/* Begin PBXSourcesBuildPhase section */
		67D4A6AE2CE37C7E00CCEDAD /* Sources */ = {
			isa = PBXSourcesBuildPhase;
			buildActionMask = 2147483647;
			files = (
			);
			runOnlyForDeploymentPostprocessing = 0;
		};
		67D4A6C42CE37C8000CCEDAD /* Sources */ = {
			isa = PBXSourcesBuildPhase;
			buildActionMask = 2147483647;
			files = (
			);
			runOnlyForDeploymentPostprocessing = 0;
		};
		67D4A6CE2CE37C8000CCEDAD /* Sources */ = {
			isa = PBXSourcesBuildPhase;
			buildActionMask = 2147483647;
			files = (
			);
			runOnlyForDeploymentPostprocessing = 0;
		};
/* End PBXSourcesBuildPhase section */

/* Begin PBXTargetDependency section */
		67D4A6CA2CE37C8000CCEDAD /* PBXTargetDependency */ = {
			isa = PBXTargetDependency;
			target = 67D4A6B12CE37C7E00CCEDAD /* oiMovie */;
			targetProxy = 67D4A6C92CE37C8000CCEDAD /* PBXContainerItemProxy */;
		};
		67D4A6D42CE37C8000CCEDAD /* PBXTargetDependency */ = {
			isa = PBXTargetDependency;
			target = 67D4A6B12CE37C7E00CCEDAD /* oiMovie */;
			targetProxy = 67D4A6D32CE37C8000CCEDAD /* PBXContainerItemProxy */;
		};
/* End PBXTargetDependency section */

/* Begin XCBuildConfiguration section */
		67D4A6DC2CE37C8000CCEDAD /* Debug */ = {
			isa = XCBuildConfiguration;
			buildSettings = {
				ASSETCATALOG_COMPILER_APPICON_NAME = AppIcon;
				ASSETCATALOG_COMPILER_GLOBAL_ACCENT_COLOR_NAME = AccentColor;
				CODE_SIGN_STYLE = Automatic;
				CURRENT_PROJECT_VERSION = 1;
				DEVELOPMENT_TEAM = HZT4WS52WF;
				GENERATE_INFOPLIST_FILE = YES;
				INFOPLIST_FILE = oiMovie/Info.plist;
				INFOPLIST_KEY_UIApplicationSupportsIndirectInputEvents = YES;
				INFOPLIST_KEY_UILaunchStoryboardName = LaunchScreen;
				INFOPLIST_KEY_UIMainStoryboardFile = Main;
				INFOPLIST_KEY_UISupportedInterfaceOrientations_iPad = "UIInterfaceOrientationPortrait UIInterfaceOrientationPortraitUpsideDown UIInterfaceOrientationLandscapeLeft UIInterfaceOrientationLandscapeRight";
				INFOPLIST_KEY_UISupportedInterfaceOrientations_iPhone = "UIInterfaceOrientationPortrait UIInterfaceOrientationLandscapeLeft UIInterfaceOrientationLandscapeRight";
				LD_RUNPATH_SEARCH_PATHS = (
					"$(inherited)",
					"@executable_path/Frameworks",
				);
				MARKETING_VERSION = 1.0;
				PRODUCT_BUNDLE_IDENTIFIER = "king-erosh.oiMovie";
				PRODUCT_NAME = "$(TARGET_NAME)";
				SWIFT_EMIT_LOC_STRINGS = YES;
				SWIFT_VERSION = 5.0;
				TARGETED_DEVICE_FAMILY = "1,2";
			};
			name = Debug;
		};
		67D4A6DD2CE37C8000CCEDAD /* Release */ = {
			isa = XCBuildConfiguration;
			buildSettings = {
				ASSETCATALOG_COMPILER_APPICON_NAME = AppIcon;
				ASSETCATALOG_COMPILER_GLOBAL_ACCENT_COLOR_NAME = AccentColor;
				CODE_SIGN_STYLE = Automatic;
				CURRENT_PROJECT_VERSION = 1;
				DEVELOPMENT_TEAM = HZT4WS52WF;
				GENERATE_INFOPLIST_FILE = YES;
				INFOPLIST_FILE = oiMovie/Info.plist;
				INFOPLIST_KEY_UIApplicationSupportsIndirectInputEvents = YES;
				INFOPLIST_KEY_UILaunchStoryboardName = LaunchScreen;
				INFOPLIST_KEY_UIMainStoryboardFile = Main;
				INFOPLIST_KEY_UISupportedInterfaceOrientations_iPad = "UIInterfaceOrientationPortrait UIInterfaceOrientationPortraitUpsideDown UIInterfaceOrientationLandscapeLeft UIInterfaceOrientationLandscapeRight";
				INFOPLIST_KEY_UISupportedInterfaceOrientations_iPhone = "UIInterfaceOrientationPortrait UIInterfaceOrientationLandscapeLeft UIInterfaceOrientationLandscapeRight";
				LD_RUNPATH_SEARCH_PATHS = (
					"$(inherited)",
					"@executable_path/Frameworks",
				);
				MARKETING_VERSION = 1.0;
				PRODUCT_BUNDLE_IDENTIFIER = "king-erosh.oiMovie";
				PRODUCT_NAME = "$(TARGET_NAME)";
				SWIFT_EMIT_LOC_STRINGS = YES;
				SWIFT_VERSION = 5.0;
				TARGETED_DEVICE_FAMILY = "1,2";
			};
			name = Release;
		};
		67D4A6DE2CE37C8000CCEDAD /* Debug */ = {
			isa = XCBuildConfiguration;
			buildSettings = {
				ALWAYS_SEARCH_USER_PATHS = NO;
				ASSETCATALOG_COMPILER_GENERATE_SWIFT_ASSET_SYMBOL_EXTENSIONS = YES;
				CLANG_ANALYZER_NONNULL = YES;
				CLANG_ANALYZER_NUMBER_OBJECT_CONVERSION = YES_AGGRESSIVE;
				CLANG_CXX_LANGUAGE_STANDARD = "gnu++20";
				CLANG_ENABLE_MODULES = YES;
				CLANG_ENABLE_OBJC_ARC = YES;
				CLANG_ENABLE_OBJC_WEAK = YES;
				CLANG_WARN_BLOCK_CAPTURE_AUTORELEASING = YES;
				CLANG_WARN_BOOL_CONVERSION = YES;
				CLANG_WARN_COMMA = YES;
				CLANG_WARN_CONSTANT_CONVERSION = YES;
				CLANG_WARN_DEPRECATED_OBJC_IMPLEMENTATIONS = YES;
				CLANG_WARN_DIRECT_OBJC_ISA_USAGE = YES_ERROR;
				CLANG_WARN_DOCUMENTATION_COMMENTS = YES;
				CLANG_WARN_EMPTY_BODY = YES;
				CLANG_WARN_ENUM_CONVERSION = YES;
				CLANG_WARN_INFINITE_RECURSION = YES;
				CLANG_WARN_INT_CONVERSION = YES;
				CLANG_WARN_NON_LITERAL_NULL_CONVERSION = YES;
				CLANG_WARN_OBJC_IMPLICIT_RETAIN_SELF = YES;
				CLANG_WARN_OBJC_LITERAL_CONVERSION = YES;
				CLANG_WARN_OBJC_ROOT_CLASS = YES_ERROR;
				CLANG_WARN_QUOTED_INCLUDE_IN_FRAMEWORK_HEADER = YES;
				CLANG_WARN_RANGE_LOOP_ANALYSIS = YES;
				CLANG_WARN_STRICT_PROTOTYPES = YES;
				CLANG_WARN_SUSPICIOUS_MOVE = YES;
				CLANG_WARN_UNGUARDED_AVAILABILITY = YES_AGGRESSIVE;
				CLANG_WARN_UNREACHABLE_CODE = YES;
				CLANG_WARN__DUPLICATE_METHOD_MATCH = YES;
				COPY_PHASE_STRIP = NO;
				DEBUG_INFORMATION_FORMAT = dwarf;
				ENABLE_STRICT_OBJC_MSGSEND = YES;
				ENABLE_TESTABILITY = YES;
				ENABLE_USER_SCRIPT_SANDBOXING = YES;
				GCC_C_LANGUAGE_STANDARD = gnu17;
				GCC_DYNAMIC_NO_PIC = NO;
				GCC_NO_COMMON_BLOCKS = YES;
				GCC_OPTIMIZATION_LEVEL = 0;
				GCC_PREPROCESSOR_DEFINITIONS = (
					"DEBUG=1",
					"$(inherited)",
				);
				GCC_WARN_64_TO_32_BIT_CONVERSION = YES;
				GCC_WARN_ABOUT_RETURN_TYPE = YES_ERROR;
				GCC_WARN_UNDECLARED_SELECTOR = YES;
				GCC_WARN_UNINITIALIZED_AUTOS = YES_AGGRESSIVE;
				GCC_WARN_UNUSED_FUNCTION = YES;
				GCC_WARN_UNUSED_VARIABLE = YES;
				IPHONEOS_DEPLOYMENT_TARGET = 18.0;
				LOCALIZATION_PREFERS_STRING_CATALOGS = YES;
				MTL_ENABLE_DEBUG_INFO = INCLUDE_SOURCE;
				MTL_FAST_MATH = YES;
				ONLY_ACTIVE_ARCH = YES;
				SDKROOT = iphoneos;
				SWIFT_ACTIVE_COMPILATION_CONDITIONS = "DEBUG $(inherited)";
				SWIFT_OPTIMIZATION_LEVEL = "-Onone";
			};
			name = Debug;
		};
		67D4A6DF2CE37C8000CCEDAD /* Release */ = {
			isa = XCBuildConfiguration;
			buildSettings = {
				ALWAYS_SEARCH_USER_PATHS = NO;
				ASSETCATALOG_COMPILER_GENERATE_SWIFT_ASSET_SYMBOL_EXTENSIONS = YES;
				CLANG_ANALYZER_NONNULL = YES;
				CLANG_ANALYZER_NUMBER_OBJECT_CONVERSION = YES_AGGRESSIVE;
				CLANG_CXX_LANGUAGE_STANDARD = "gnu++20";
				CLANG_ENABLE_MODULES = YES;
				CLANG_ENABLE_OBJC_ARC = YES;
				CLANG_ENABLE_OBJC_WEAK = YES;
				CLANG_WARN_BLOCK_CAPTURE_AUTORELEASING = YES;
				CLANG_WARN_BOOL_CONVERSION = YES;
				CLANG_WARN_COMMA = YES;
				CLANG_WARN_CONSTANT_CONVERSION = YES;
				CLANG_WARN_DEPRECATED_OBJC_IMPLEMENTATIONS = YES;
				CLANG_WARN_DIRECT_OBJC_ISA_USAGE = YES_ERROR;
				CLANG_WARN_DOCUMENTATION_COMMENTS = YES;
				CLANG_WARN_EMPTY_BODY = YES;
				CLANG_WARN_ENUM_CONVERSION = YES;
				CLANG_WARN_INFINITE_RECURSION = YES;
				CLANG_WARN_INT_CONVERSION = YES;
				CLANG_WARN_NON_LITERAL_NULL_CONVERSION = YES;
				CLANG_WARN_OBJC_IMPLICIT_RETAIN_SELF = YES;
				CLANG_WARN_OBJC_LITERAL_CONVERSION = YES;
				CLANG_WARN_OBJC_ROOT_CLASS = YES_ERROR;
				CLANG_WARN_QUOTED_INCLUDE_IN_FRAMEWORK_HEADER = YES;
				CLANG_WARN_RANGE_LOOP_ANALYSIS = YES;
				CLANG_WARN_STRICT_PROTOTYPES = YES;
				CLANG_WARN_SUSPICIOUS_MOVE = YES;
				CLANG_WARN_UNGUARDED_AVAILABILITY = YES_AGGRESSIVE;
				CLANG_WARN_UNREACHABLE_CODE = YES;
				CLANG_WARN__DUPLICATE_METHOD_MATCH = YES;
				COPY_PHASE_STRIP = NO;
				DEBUG_INFORMATION_FORMAT = "dwarf-with-dsym";
				ENABLE_NS_ASSERTIONS = NO;
				ENABLE_STRICT_OBJC_MSGSEND = YES;
				ENABLE_USER_SCRIPT_SANDBOXING = YES;
				GCC_C_LANGUAGE_STANDARD = gnu17;
				GCC_NO_COMMON_BLOCKS = YES;
				GCC_WARN_64_TO_32_BIT_CONVERSION = YES;
				GCC_WARN_ABOUT_RETURN_TYPE = YES_ERROR;
				GCC_WARN_UNDECLARED_SELECTOR = YES;
				GCC_WARN_UNINITIALIZED_AUTOS = YES_AGGRESSIVE;
				GCC_WARN_UNUSED_FUNCTION = YES;
				GCC_WARN_UNUSED_VARIABLE = YES;
				IPHONEOS_DEPLOYMENT_TARGET = 18.0;
				LOCALIZATION_PREFERS_STRING_CATALOGS = YES;
				MTL_ENABLE_DEBUG_INFO = NO;
				MTL_FAST_MATH = YES;
				SDKROOT = iphoneos;
				SWIFT_COMPILATION_MODE = wholemodule;
				VALIDATE_PRODUCT = YES;
			};
			name = Release;
		};
		67D4A6E12CE37C8000CCEDAD /* Debug */ = {
			isa = XCBuildConfiguration;
			buildSettings = {
				BUNDLE_LOADER = "$(TEST_HOST)";
				CODE_SIGN_STYLE = Automatic;
				CURRENT_PROJECT_VERSION = 1;
				DEVELOPMENT_TEAM = HZT4WS52WF;
				GENERATE_INFOPLIST_FILE = YES;
				IPHONEOS_DEPLOYMENT_TARGET = 18.0;
				MARKETING_VERSION = 1.0;
				PRODUCT_BUNDLE_IDENTIFIER = "king-erosh.oiMovieTests";
				PRODUCT_NAME = "$(TARGET_NAME)";
				SWIFT_EMIT_LOC_STRINGS = NO;
				SWIFT_VERSION = 5.0;
				TARGETED_DEVICE_FAMILY = "1,2";
				TEST_HOST = "$(BUILT_PRODUCTS_DIR)/oiMovie.app/$(BUNDLE_EXECUTABLE_FOLDER_PATH)/oiMovie";
			};
			name = Debug;
		};
		67D4A6E22CE37C8000CCEDAD /* Release */ = {
			isa = XCBuildConfiguration;
			buildSettings = {
				BUNDLE_LOADER = "$(TEST_HOST)";
				CODE_SIGN_STYLE = Automatic;
				CURRENT_PROJECT_VERSION = 1;
				DEVELOPMENT_TEAM = HZT4WS52WF;
				GENERATE_INFOPLIST_FILE = YES;
				IPHONEOS_DEPLOYMENT_TARGET = 18.0;
				MARKETING_VERSION = 1.0;
				PRODUCT_BUNDLE_IDENTIFIER = "king-erosh.oiMovieTests";
				PRODUCT_NAME = "$(TARGET_NAME)";
				SWIFT_EMIT_LOC_STRINGS = NO;
				SWIFT_VERSION = 5.0;
				TARGETED_DEVICE_FAMILY = "1,2";
				TEST_HOST = "$(BUILT_PRODUCTS_DIR)/oiMovie.app/$(BUNDLE_EXECUTABLE_FOLDER_PATH)/oiMovie";
			};
			name = Release;
		};
		67D4A6E42CE37C8000CCEDAD /* Debug */ = {
			isa = XCBuildConfiguration;
			buildSettings = {
				CODE_SIGN_STYLE = Automatic;
				CURRENT_PROJECT_VERSION = 1;
				DEVELOPMENT_TEAM = HZT4WS52WF;
				GENERATE_INFOPLIST_FILE = YES;
				MARKETING_VERSION = 1.0;
				PRODUCT_BUNDLE_IDENTIFIER = "king-erosh.oiMovieUITests";
				PRODUCT_NAME = "$(TARGET_NAME)";
				SWIFT_EMIT_LOC_STRINGS = NO;
				SWIFT_VERSION = 5.0;
				TARGETED_DEVICE_FAMILY = "1,2";
				TEST_TARGET_NAME = oiMovie;
			};
			name = Debug;
		};
		67D4A6E52CE37C8000CCEDAD /* Release */ = {
			isa = XCBuildConfiguration;
			buildSettings = {
				CODE_SIGN_STYLE = Automatic;
				CURRENT_PROJECT_VERSION = 1;
				DEVELOPMENT_TEAM = HZT4WS52WF;
				GENERATE_INFOPLIST_FILE = YES;
				MARKETING_VERSION = 1.0;
				PRODUCT_BUNDLE_IDENTIFIER = "king-erosh.oiMovieUITests";
				PRODUCT_NAME = "$(TARGET_NAME)";
				SWIFT_EMIT_LOC_STRINGS = NO;
				SWIFT_VERSION = 5.0;
				TARGETED_DEVICE_FAMILY = "1,2";
				TEST_TARGET_NAME = oiMovie;
			};
			name = Release;
		};
/* End XCBuildConfiguration section */

/* Begin XCConfigurationList section */
		67D4A6AD2CE37C7E00CCEDAD /* Build configuration list for PBXProject "oiMovie" */ = {
			isa = XCConfigurationList;
			buildConfigurations = (
				67D4A6DE2CE37C8000CCEDAD /* Debug */,
				67D4A6DF2CE37C8000CCEDAD /* Release */,
			);
			defaultConfigurationIsVisible = 0;
			defaultConfigurationName = Release;
		};
		67D4A6DB2CE37C8000CCEDAD /* Build configuration list for PBXNativeTarget "oiMovie" */ = {
			isa = XCConfigurationList;
			buildConfigurations = (
				67D4A6DC2CE37C8000CCEDAD /* Debug */,
				67D4A6DD2CE37C8000CCEDAD /* Release */,
			);
			defaultConfigurationIsVisible = 0;
			defaultConfigurationName = Release;
		};
		67D4A6E02CE37C8000CCEDAD /* Build configuration list for PBXNativeTarget "oiMovieTests" */ = {
			isa = XCConfigurationList;
			buildConfigurations = (
				67D4A6E12CE37C8000CCEDAD /* Debug */,
				67D4A6E22CE37C8000CCEDAD /* Release */,
			);
			defaultConfigurationIsVisible = 0;
			defaultConfigurationName = Release;
		};
		67D4A6E32CE37C8000CCEDAD /* Build configuration list for PBXNativeTarget "oiMovieUITests" */ = {
			isa = XCConfigurationList;
			buildConfigurations = (
				67D4A6E42CE37C8000CCEDAD /* Debug */,
				67D4A6E52CE37C8000CCEDAD /* Release */,
			);
			defaultConfigurationIsVisible = 0;
			defaultConfigurationName = Release;
		};
/* End XCConfigurationList section */
	};
	rootObject = 67D4A6AA2CE37C7E00CCEDAD /* Project object */;
}
